
Microsoft Visual Studio Solution File, Format Version 12.00
# Visual Studio Version 16
VisualStudioVersion = 16.0.29519.87
MinimumVisualStudioVersion = 10.0.40219.1
Project("{9A19103F-16F7-4668-BE54-9A1E7A4F7556}") = "Delegate", "Delegate\Delegate.csproj", "{62A68632-35E8-4950-89EC-192FDE39C224}"
EndProject
Project("{FAE04EC0-301F-11D3-BF4B-00C04F79EFBC}") = "Event", "Event\Event.csproj", "{98AB4C29-F8F0-43AE-801C-23DD53EA1E4C}"
EndProject
Global
	GlobalSection(SolutionConfigurationPlatforms) = preSolution
		Debug|Any CPU = Debug|Any CPU
		Release|Any CPU = Release|Any CPU
	EndGlobalSection
	GlobalSection(ProjectConfigurationPlatforms) = postSolution
		{62A68632-35E8-4950-89EC-192FDE39C224}.Debug|Any CPU.ActiveCfg = Debug|Any CPU
		{62A68632-35E8-4950-89EC-192FDE39C224}.Debug|Any CPU.Build.0 = Debug|Any CPU
		{62A68632-35E8-4950-89EC-192FDE39C224}.Release|Any CPU.ActiveCfg = Release|Any CPU
		{62A68632-35E8-4950-89EC-192FDE39C224}.Release|Any CPU.Build.0 = Release|Any CPU
		{98AB4C29-F8F0-43AE-801C-23DD53EA1E4C}.Debug|Any CPU.ActiveCfg = Debug|Any CPU
		{98AB4C29-F8F0-43AE-801C-23DD53EA1E4C}.Debug|Any CPU.Build.0 = Debug|Any CPU
		{98AB4C29-F8F0-43AE-801C-23DD53EA1E4C}.Release|Any CPU.ActiveCfg = Release|Any CPU
		{98AB4C29-F8F0-43AE-801C-23DD53EA1E4C}.Release|Any CPU.Build.0 = Release|Any CPU
	EndGlobalSection
	GlobalSection(SolutionProperties) = preSolution
		HideSolutionNode = FALSE
	EndGlobalSection
	GlobalSection(ExtensibilityGlobals) = postSolution
		SolutionGuid = {FABA0F94-E37F-40C2-AEB0-4E46C6F16AC1}
	EndGlobalSection
EndGlobal
